
Microsoft Visual Studio Solution File, Format Version 12.00
# Visual Studio Version 17
VisualStudioVersion = 17.5.33627.172
MinimumVisualStudioVersion = 10.0.40219.1
Project("{FAE04EC0-301F-11D3-BF4B-00C04F79EFBC}") = "opbd_kurs", "opbd_kurs\opbd_kurs.csproj", "{15F26B21-998B-4417-A004-78CF426E00C6}"
EndProject
Global
	GlobalSection(SolutionConfigurationPlatforms) = preSolution
		Debug|Any CPU = Debug|Any CPU
		Release|Any CPU = Release|Any CPU
	EndGlobalSection
	GlobalSection(ProjectConfigurationPlatforms) = postSolution
		{15F26B21-998B-4417-A004-78CF426E00C6}.Debug|Any CPU.ActiveCfg = Debug|Any CPU
		{15F26B21-998B-4417-A004-78CF426E00C6}.Debug|Any CPU.Build.0 = Debug|Any CPU
		{15F26B21-998B-4417-A004-78CF426E00C6}.Release|Any CPU.ActiveCfg = Release|Any CPU
		{15F26B21-998B-4417-A004-78CF426E00C6}.Release|Any CPU.Build.0 = Release|Any CPU
	EndGlobalSection
	GlobalSection(SolutionProperties) = preSolution
		HideSolutionNode = FALSE
	EndGlobalSection
	GlobalSection(ExtensibilityGlobals) = postSolution
		SolutionGuid = {1FB82063-900A-4A7A-9395-18E24F5038A6}
	EndGlobalSection
EndGlobal
